
Microsoft Visual Studio Solution File, Format Version 12.00
# Visual Studio Version 17
VisualStudioVersion = 17.5.33627.172
MinimumVisualStudioVersion = 10.0.40219.1
Project("{FAE04EC0-301F-11D3-BF4B-00C04F79EFBC}") = "TPLinkControl", "TPLinkControl\TPLinkControl.csproj", "{0DB0ADC4-7247-468F-B95B-F7C42F109C09}"
EndProject
Global
	GlobalSection(SolutionConfigurationPlatforms) = preSolution
		Debug|Any CPU = Debug|Any CPU
		Release|Any CPU = Release|Any CPU
	EndGlobalSection
	GlobalSection(ProjectConfigurationPlatforms) = postSolution
		{0DB0ADC4-7247-468F-B95B-F7C42F109C09}.Debug|Any CPU.ActiveCfg = Debug|Any CPU
		{0DB0ADC4-7247-468F-B95B-F7C42F109C09}.Debug|Any CPU.Build.0 = Debug|Any CPU
		{0DB0ADC4-7247-468F-B95B-F7C42F109C09}.Release|Any CPU.ActiveCfg = Release|Any CPU
		{0DB0ADC4-7247-468F-B95B-F7C42F109C09}.Release|Any CPU.Build.0 = Release|Any CPU
	EndGlobalSection
	GlobalSection(SolutionProperties) = preSolution
		HideSolutionNode = FALSE
	EndGlobalSection
	GlobalSection(ExtensibilityGlobals) = postSolution
		SolutionGuid = {AD6E551C-F6C7-4370-B2AB-1EFBBE7F817C}
	EndGlobalSection
EndGlobal
